{
    "_meta": {
        "hash": {
            "sha256": "f55465bf1c1e75b1899ecb52cb3ab512ad7d8a665e14cd261c0adc4a347fca48"
        },
        "pipfile-spec": 6,
        "requires": {
            "python_version": "3.8"
        },
        "sources": [
            {
                "name": "pypi",
                "url": "https://pypi.org/simple",
                "verify_ssl": true
            }
        ]
    },
    "default": {
        "pyserial": {
            "hashes": [
                "sha256:969cb6405d1d87f8960cf9c10f597ae58f85da2fb9769dba96f4aeeaade54656"
            ],
            "index": "pypi",
            "version": "==3.0.1"
        }
    },
    "develop": {}
}
