{
    "_meta": {
        "hash": {
            "sha256": "f88190220abf4083d62dc39b773f1e7f6b8faddd1c8296bba0734c2b4b9bb765"
        },
        "pipfile-spec": 6,
        "requires": {
            "python_version": "3.8"
        },
        "sources": [
            {
                "name": "pypi",
                "url": "https://pypi.org/simple",
                "verify_ssl": true
            }
        ]
    },
    "default": {
        "pyserial": {
            "hashes": [
                "sha256:969cb6405d1d87f8960cf9c10f597ae58f85da2fb9769dba96f4aeeaade54656"
            ],
            "index": "pypi",
            "version": "==3.0.1"
        }
    },
    "develop": {}
}
